
Microsoft Visual Studio Solution File, Format Version 12.00
# Visual Studio Version 17
VisualStudioVersion = 17.12.35707.178 d17.12
MinimumVisualStudioVersion = 10.0.40219.1
Project("{FAE04EC0-301F-11D3-BF4B-00C04F79EFBC}") = "EscuelaConMaui", "EscuelaConMaui.csproj", "{9193CA5D-9FBC-45E7-BAA3-01540BEA6C0C}"
EndProject
Global
	GlobalSection(SolutionConfigurationPlatforms) = preSolution
		Debug|Any CPU = Debug|Any CPU
		Release|Any CPU = Release|Any CPU
	EndGlobalSection
	GlobalSection(ProjectConfigurationPlatforms) = postSolution
		{9193CA5D-9FBC-45E7-BAA3-01540BEA6C0C}.Debug|Any CPU.ActiveCfg = Debug|Any CPU
		{9193CA5D-9FBC-45E7-BAA3-01540BEA6C0C}.Debug|Any CPU.Build.0 = Debug|Any CPU
		{9193CA5D-9FBC-45E7-BAA3-01540BEA6C0C}.Debug|Any CPU.Deploy.0 = Debug|Any CPU
		{9193CA5D-9FBC-45E7-BAA3-01540BEA6C0C}.Release|Any CPU.ActiveCfg = Release|Any CPU
		{9193CA5D-9FBC-45E7-BAA3-01540BEA6C0C}.Release|Any CPU.Build.0 = Release|Any CPU
		{9193CA5D-9FBC-45E7-BAA3-01540BEA6C0C}.Release|Any CPU.Deploy.0 = Release|Any CPU
	EndGlobalSection
	GlobalSection(SolutionProperties) = preSolution
		HideSolutionNode = FALSE
	EndGlobalSection
EndGlobal
